
Microsoft Visual Studio Solution File, Format Version 12.00
# Visual Studio Version 16
VisualStudioVersion = 16.0.31624.102
MinimumVisualStudioVersion = 10.0.40219.1
Project("{FAE04EC0-301F-11D3-BF4B-00C04F79EFBC}") = "Corporate.WebUI", "Corporate.WebUI\Corporate.WebUI.csproj", "{66FDE224-19B9-44BB-8963-B45C426E4520}"
EndProject
Project("{FAE04EC0-301F-11D3-BF4B-00C04F79EFBC}") = "Corporate.UnitTests", "Corporate.UnitTests\Corporate.UnitTests.csproj", "{BC7AEC34-ACEB-4B2F-A49E-9402962E50DD}"
EndProject
Project("{FAE04EC0-301F-11D3-BF4B-00C04F79EFBC}") = "Corporate.Domain", "Corporate.Domain\Corporate.Domain.csproj", "{FDAFC36F-425F-4D7C-87C1-5A7127EA6913}"
EndProject
Global
	GlobalSection(SolutionConfigurationPlatforms) = preSolution
		Debug|Any CPU = Debug|Any CPU
		Release|Any CPU = Release|Any CPU
	EndGlobalSection
	GlobalSection(ProjectConfigurationPlatforms) = postSolution
		{66FDE224-19B9-44BB-8963-B45C426E4520}.Debug|Any CPU.ActiveCfg = Debug|Any CPU
		{66FDE224-19B9-44BB-8963-B45C426E4520}.Debug|Any CPU.Build.0 = Debug|Any CPU
		{66FDE224-19B9-44BB-8963-B45C426E4520}.Release|Any CPU.ActiveCfg = Release|Any CPU
		{66FDE224-19B9-44BB-8963-B45C426E4520}.Release|Any CPU.Build.0 = Release|Any CPU
		{BC7AEC34-ACEB-4B2F-A49E-9402962E50DD}.Debug|Any CPU.ActiveCfg = Debug|Any CPU
		{BC7AEC34-ACEB-4B2F-A49E-9402962E50DD}.Debug|Any CPU.Build.0 = Debug|Any CPU
		{BC7AEC34-ACEB-4B2F-A49E-9402962E50DD}.Release|Any CPU.ActiveCfg = Release|Any CPU
		{BC7AEC34-ACEB-4B2F-A49E-9402962E50DD}.Release|Any CPU.Build.0 = Release|Any CPU
		{FDAFC36F-425F-4D7C-87C1-5A7127EA6913}.Debug|Any CPU.ActiveCfg = Debug|Any CPU
		{FDAFC36F-425F-4D7C-87C1-5A7127EA6913}.Debug|Any CPU.Build.0 = Debug|Any CPU
		{FDAFC36F-425F-4D7C-87C1-5A7127EA6913}.Release|Any CPU.ActiveCfg = Release|Any CPU
		{FDAFC36F-425F-4D7C-87C1-5A7127EA6913}.Release|Any CPU.Build.0 = Release|Any CPU
	EndGlobalSection
	GlobalSection(SolutionProperties) = preSolution
		HideSolutionNode = FALSE
	EndGlobalSection
	GlobalSection(ExtensibilityGlobals) = postSolution
		SolutionGuid = {8E65108E-586E-43EC-96F6-92B6F091CA49}
	EndGlobalSection
EndGlobal
